
Microsoft Visual Studio Solution File, Format Version 12.00
# Visual Studio Version 17
VisualStudioVersion = 17.4.33213.308
MinimumVisualStudioVersion = 10.0.40219.1
Project("{FAE04EC0-301F-11D3-BF4B-00C04F79EFBC}") = "lista CRUD 1", "lista CRUD base\lista CRUD 1.csproj", "{84D24405-BF50-451A-83C8-CF783B0BEF0C}"
EndProject
Project("{2150E333-8FDC-42A3-9474-1A3956D46DE8}") = "lista CRUD base", "lista CRUD base", "{B5832654-9C8E-49C5-9054-CA2EDF8388D5}"
EndProject
Project("{FAE04EC0-301F-11D3-BF4B-00C04F79EFBC}") = "lista CRUD 2", "lista CRUD 1\lista CRUD 2.csproj", "{086EC991-5198-4661-9DC4-ED3F4BE077EE}"
EndProject
Project("{FAE04EC0-301F-11D3-BF4B-00C04F79EFBC}") = "funzione svuota cartella liste", "lista CRUD 1\funzione svuota cartella liste\funzione svuota cartella liste.csproj", "{7EFBB7AB-C85F-4EA7-8874-39C445148DD2}"
EndProject
Global
	GlobalSection(SolutionConfigurationPlatforms) = preSolution
		Debug|Any CPU = Debug|Any CPU
		Release|Any CPU = Release|Any CPU
	EndGlobalSection
	GlobalSection(ProjectConfigurationPlatforms) = postSolution
		{84D24405-BF50-451A-83C8-CF783B0BEF0C}.Debug|Any CPU.ActiveCfg = Debug|Any CPU
		{84D24405-BF50-451A-83C8-CF783B0BEF0C}.Debug|Any CPU.Build.0 = Debug|Any CPU
		{84D24405-BF50-451A-83C8-CF783B0BEF0C}.Release|Any CPU.ActiveCfg = Release|Any CPU
		{84D24405-BF50-451A-83C8-CF783B0BEF0C}.Release|Any CPU.Build.0 = Release|Any CPU
		{086EC991-5198-4661-9DC4-ED3F4BE077EE}.Debug|Any CPU.ActiveCfg = Debug|Any CPU
		{086EC991-5198-4661-9DC4-ED3F4BE077EE}.Debug|Any CPU.Build.0 = Debug|Any CPU
		{086EC991-5198-4661-9DC4-ED3F4BE077EE}.Release|Any CPU.ActiveCfg = Release|Any CPU
		{086EC991-5198-4661-9DC4-ED3F4BE077EE}.Release|Any CPU.Build.0 = Release|Any CPU
		{7EFBB7AB-C85F-4EA7-8874-39C445148DD2}.Debug|Any CPU.ActiveCfg = Debug|Any CPU
		{7EFBB7AB-C85F-4EA7-8874-39C445148DD2}.Debug|Any CPU.Build.0 = Debug|Any CPU
		{7EFBB7AB-C85F-4EA7-8874-39C445148DD2}.Release|Any CPU.ActiveCfg = Release|Any CPU
		{7EFBB7AB-C85F-4EA7-8874-39C445148DD2}.Release|Any CPU.Build.0 = Release|Any CPU
	EndGlobalSection
	GlobalSection(SolutionProperties) = preSolution
		HideSolutionNode = FALSE
	EndGlobalSection
	GlobalSection(ExtensibilityGlobals) = postSolution
		SolutionGuid = {4E98DFFE-F3F7-414C-9BB7-52F17D281C5E}
	EndGlobalSection
EndGlobal
